version = 1
revision = 2
requires-python = ">=3.13"

[[package]]
name = "cfgv"
version = "3.4.0"
source = { registry = "https://pypi.org/simple" }
sdist = { url = "https://files.pythonhosted.org/packages/11/74/539e56497d9bd1d484fd863dd69cbbfa653cd2aa27abfe35653494d85e94/cfgv-3.4.0.tar.gz", hash = "sha256:e52591d4c5f5dead8e0f673fb16db7949d2cfb3f7da4582893288f0ded8fe560", size = 7114, upload-time = "2023-08-12T20:38:17.776Z" }
wheels = [
    { url = "https://files.pythonhosted.org/packages/c5/55/51844dd50c4fc7a33b653bfaba4c2456f06955289ca770a5dbd5fd267374/cfgv-3.4.0-py2.py3-none-any.whl", hash = "sha256:b7265b1f29fd3316bfcd2b330d63d024f2bfd8bcb8b0272f8e19a504856c48f9", size = 7249, upload-time = "2023-08-12T20:38:16.269Z" },
]

[[package]]
name = "cleo"
version = "2.1.0"
source = { registry = "https://pypi.org/simple" }
dependencies = [
    { name = "crashtest" },
    { name = "rapidfuzz" },
]
sdist = { url = "https://files.pythonhosted.org/packages/3c/30/f7960ed7041b158301c46774f87620352d50a9028d111b4211187af13783/cleo-2.1.0.tar.gz", hash = "sha256:0b2c880b5d13660a7ea651001fb4acb527696c01f15c9ee650f377aa543fd523", size = 79957, upload-time = "2023-10-30T18:54:12.057Z" }
wheels = [
    { url = "https://files.pythonhosted.org/packages/2d/f5/6bbead8b880620e5a99e0e4bb9e22e67cca16ff48d54105302a3e7821096/cleo-2.1.0-py3-none-any.whl", hash = "sha256:4a31bd4dd45695a64ee3c4758f583f134267c2bc518d8ae9a29cf237d009b07e", size = 78711, upload-time = "2023-10-30T18:54:08.557Z" },
]

[[package]]
name = "crashtest"
version = "0.4.1"
source = { registry = "https://pypi.org/simple" }
sdist = { url = "https://files.pythonhosted.org/packages/6e/5d/d79f51058e75948d6c9e7a3d679080a47be61c84d3cc8f71ee31255eb22b/crashtest-0.4.1.tar.gz", hash = "sha256:80d7b1f316ebfbd429f648076d6275c877ba30ba48979de4191714a75266f0ce", size = 4708, upload-time = "2022-11-02T21:15:13.722Z" }
wheels = [
    { url = "https://files.pythonhosted.org/packages/b0/5c/3ba7d12e7a79566f97b8f954400926d7b6eb33bcdccc1315a857f200f1f1/crashtest-0.4.1-py3-none-any.whl", hash = "sha256:8d23eac5fa660409f57472e3851dab7ac18aba459a8d19cbbba86d3d5aecd2a5", size = 7558, upload-time = "2022-11-02T21:15:12.437Z" },
]

[[package]]
name = "distlib"
version = "0.3.9"
source = { registry = "https://pypi.org/simple" }
sdist = { url = "https://files.pythonhosted.org/packages/0d/dd/1bec4c5ddb504ca60fc29472f3d27e8d4da1257a854e1d96742f15c1d02d/distlib-0.3.9.tar.gz", hash = "sha256:a60f20dea646b8a33f3e7772f74dc0b2d0772d2837ee1342a00645c81edf9403", size = 613923, upload-time = "2024-10-09T18:35:47.551Z" }
wheels = [
    { url = "https://files.pythonhosted.org/packages/91/a1/cf2472db20f7ce4a6be1253a81cfdf85ad9c7885ffbed7047fb72c24cf87/distlib-0.3.9-py2.py3-none-any.whl", hash = "sha256:47f8c22fd27c27e25a65601af709b38e4f0a45ea4fc2e710f65755fa8caaaf87", size = 468973, upload-time = "2024-10-09T18:35:44.272Z" },
]

[[package]]
name = "filelock"
version = "3.18.0"
source = { registry = "https://pypi.org/simple" }
sdist = { url = "https://files.pythonhosted.org/packages/0a/10/c23352565a6544bdc5353e0b15fc1c563352101f30e24bf500207a54df9a/filelock-3.18.0.tar.gz", hash = "sha256:adbc88eabb99d2fec8c9c1b229b171f18afa655400173ddc653d5d01501fb9f2", size = 18075, upload-time = "2025-03-14T07:11:40.47Z" }
wheels = [
    { url = "https://files.pythonhosted.org/packages/4d/36/2a115987e2d8c300a974597416d9de88f2444426de9571f4b59b2cca3acc/filelock-3.18.0-py3-none-any.whl", hash = "sha256:c401f4f8377c4464e6db25fff06205fd89bdd83b65eb0488ed1b160f780e21de", size = 16215, upload-time = "2025-03-14T07:11:39.145Z" },
]

[[package]]
name = "identify"
version = "2.6.10"
source = { registry = "https://pypi.org/simple" }
sdist = { url = "https://files.pythonhosted.org/packages/0c/83/b6ea0334e2e7327084a46aaaf71f2146fc061a192d6518c0d020120cd0aa/identify-2.6.10.tar.gz", hash = "sha256:45e92fd704f3da71cc3880036633f48b4b7265fd4de2b57627cb157216eb7eb8", size = 99201, upload-time = "2025-04-19T15:10:38.32Z" }
wheels = [
    { url = "https://files.pythonhosted.org/packages/2b/d3/85feeba1d097b81a44bcffa6a0beab7b4dfffe78e82fc54978d3ac380736/identify-2.6.10-py2.py3-none-any.whl", hash = "sha256:5f34248f54136beed1a7ba6a6b5c4b6cf21ff495aac7c359e1ef831ae3b8ab25", size = 99101, upload-time = "2025-04-19T15:10:36.701Z" },
]

[[package]]
name = "nodeenv"
version = "1.9.1"
source = { registry = "https://pypi.org/simple" }
sdist = { url = "https://files.pythonhosted.org/packages/43/16/fc88b08840de0e0a72a2f9d8c6bae36be573e475a6326ae854bcc549fc45/nodeenv-1.9.1.tar.gz", hash = "sha256:6ec12890a2dab7946721edbfbcd91f3319c6ccc9aec47be7c7e6b7011ee6645f", size = 47437, upload-time = "2024-06-04T18:44:11.171Z" }
wheels = [
    { url = "https://files.pythonhosted.org/packages/d2/1d/1b658dbd2b9fa9c4c9f32accbfc0205d532c8c6194dc0f2a4c0428e7128a/nodeenv-1.9.1-py2.py3-none-any.whl", hash = "sha256:ba11c9782d29c27c70ffbdda2d7415098754709be8a7056d79a737cd901155c9", size = 22314, upload-time = "2024-06-04T18:44:08.352Z" },
]

[[package]]
name = "pipeflow"
version = "0.1.0"
source = { virtual = "." }
dependencies = [
    { name = "cleo" },
    { name = "platformdirs" },
    { name = "tomlkit" },
]

[package.dev-dependencies]
dev = [
    { name = "pre-commit" },
]

[package.metadata]
requires-dist = [
    { name = "cleo", specifier = ">=2.1.0" },
    { name = "platformdirs", specifier = ">=4.3.8" },
    { name = "tomlkit", specifier = ">=0.13.2" },
]

[package.metadata.requires-dev]
dev = [{ name = "pre-commit", specifier = ">=4.2.0" }]

[[package]]
name = "platformdirs"
version = "4.3.8"
source = { registry = "https://pypi.org/simple" }
sdist = { url = "https://files.pythonhosted.org/packages/fe/8b/3c73abc9c759ecd3f1f7ceff6685840859e8070c4d947c93fae71f6a0bf2/platformdirs-4.3.8.tar.gz", hash = "sha256:3d512d96e16bcb959a814c9f348431070822a6496326a4be0911c40b5a74c2bc", size = 21362, upload-time = "2025-05-07T22:47:42.121Z" }
wheels = [
    { url = "https://files.pythonhosted.org/packages/fe/39/979e8e21520d4e47a0bbe349e2713c0aac6f3d853d0e5b34d76206c439aa/platformdirs-4.3.8-py3-none-any.whl", hash = "sha256:ff7059bb7eb1179e2685604f4aaf157cfd9535242bd23742eadc3c13542139b4", size = 18567, upload-time = "2025-05-07T22:47:40.376Z" },
]

[[package]]
name = "pre-commit"
version = "4.2.0"
source = { registry = "https://pypi.org/simple" }
dependencies = [
    { name = "cfgv" },
    { name = "identify" },
    { name = "nodeenv" },
    { name = "pyyaml" },
    { name = "virtualenv" },
]
sdist = { url = "https://files.pythonhosted.org/packages/08/39/679ca9b26c7bb2999ff122d50faa301e49af82ca9c066ec061cfbc0c6784/pre_commit-4.2.0.tar.gz", hash = "sha256:601283b9757afd87d40c4c4a9b2b5de9637a8ea02eaff7adc2d0fb4e04841146", size = 193424, upload-time = "2025-03-18T21:35:20.987Z" }
wheels = [
    { url = "https://files.pythonhosted.org/packages/88/74/a88bf1b1efeae488a0c0b7bdf71429c313722d1fc0f377537fbe554e6180/pre_commit-4.2.0-py2.py3-none-any.whl", hash = "sha256:a009ca7205f1eb497d10b845e52c838a98b6cdd2102a6c8e4540e94ee75c58bd", size = 220707, upload-time = "2025-03-18T21:35:19.343Z" },
]

[[package]]
name = "pyyaml"
version = "6.0.2"
source = { registry = "https://pypi.org/simple" }
sdist = { url = "https://files.pythonhosted.org/packages/54/ed/79a089b6be93607fa5cdaedf301d7dfb23af5f25c398d5ead2525b063e17/pyyaml-6.0.2.tar.gz", hash = "sha256:d584d9ec91ad65861cc08d42e834324ef890a082e591037abe114850ff7bbc3e", size = 130631, upload-time = "2024-08-06T20:33:50.674Z" }
wheels = [
    { url = "https://files.pythonhosted.org/packages/ef/e3/3af305b830494fa85d95f6d95ef7fa73f2ee1cc8ef5b495c7c3269fb835f/PyYAML-6.0.2-cp313-cp313-macosx_10_13_x86_64.whl", hash = "sha256:efdca5630322a10774e8e98e1af481aad470dd62c3170801852d752aa7a783ba", size = 181309, upload-time = "2024-08-06T20:32:43.4Z" },
    { url = "https://files.pythonhosted.org/packages/45/9f/3b1c20a0b7a3200524eb0076cc027a970d320bd3a6592873c85c92a08731/PyYAML-6.0.2-cp313-cp313-macosx_11_0_arm64.whl", hash = "sha256:50187695423ffe49e2deacb8cd10510bc361faac997de9efef88badc3bb9e2d1", size = 171679, upload-time = "2024-08-06T20:32:44.801Z" },
    { url = "https://files.pythonhosted.org/packages/7c/9a/337322f27005c33bcb656c655fa78325b730324c78620e8328ae28b64d0c/PyYAML-6.0.2-cp313-cp313-manylinux_2_17_aarch64.manylinux2014_aarch64.whl", hash = "sha256:0ffe8360bab4910ef1b9e87fb812d8bc0a308b0d0eef8c8f44e0254ab3b07133", size = 733428, upload-time = "2024-08-06T20:32:46.432Z" },
    { url = "https://files.pythonhosted.org/packages/a3/69/864fbe19e6c18ea3cc196cbe5d392175b4cf3d5d0ac1403ec3f2d237ebb5/PyYAML-6.0.2-cp313-cp313-manylinux_2_17_s390x.manylinux2014_s390x.whl", hash = "sha256:17e311b6c678207928d649faa7cb0d7b4c26a0ba73d41e99c4fff6b6c3276484", size = 763361, upload-time = "2024-08-06T20:32:51.188Z" },
    { url = "https://files.pythonhosted.org/packages/04/24/b7721e4845c2f162d26f50521b825fb061bc0a5afcf9a386840f23ea19fa/PyYAML-6.0.2-cp313-cp313-manylinux_2_17_x86_64.manylinux2014_x86_64.whl", hash = "sha256:70b189594dbe54f75ab3a1acec5f1e3faa7e8cf2f1e08d9b561cb41b845f69d5", size = 759523, upload-time = "2024-08-06T20:32:53.019Z" },
    { url = "https://files.pythonhosted.org/packages/2b/b2/e3234f59ba06559c6ff63c4e10baea10e5e7df868092bf9ab40e5b9c56b6/PyYAML-6.0.2-cp313-cp313-musllinux_1_1_aarch64.whl", hash = "sha256:41e4e3953a79407c794916fa277a82531dd93aad34e29c2a514c2c0c5fe971cc", size = 726660, upload-time = "2024-08-06T20:32:54.708Z" },
    { url = "https://files.pythonhosted.org/packages/fe/0f/25911a9f080464c59fab9027482f822b86bf0608957a5fcc6eaac85aa515/PyYAML-6.0.2-cp313-cp313-musllinux_1_1_x86_64.whl", hash = "sha256:68ccc6023a3400877818152ad9a1033e3db8625d899c72eacb5a668902e4d652", size = 751597, upload-time = "2024-08-06T20:32:56.985Z" },
    { url = "https://files.pythonhosted.org/packages/14/0d/e2c3b43bbce3cf6bd97c840b46088a3031085179e596d4929729d8d68270/PyYAML-6.0.2-cp313-cp313-win32.whl", hash = "sha256:bc2fa7c6b47d6bc618dd7fb02ef6fdedb1090ec036abab80d4681424b84c1183", size = 140527, upload-time = "2024-08-06T20:33:03.001Z" },
    { url = "https://files.pythonhosted.org/packages/fa/de/02b54f42487e3d3c6efb3f89428677074ca7bf43aae402517bc7cca949f3/PyYAML-6.0.2-cp313-cp313-win_amd64.whl", hash = "sha256:8388ee1976c416731879ac16da0aff3f63b286ffdd57cdeb95f3f2e085687563", size = 156446, upload-time = "2024-08-06T20:33:04.33Z" },
]

[[package]]
name = "rapidfuzz"
version = "3.13.0"
source = { registry = "https://pypi.org/simple" }
sdist = { url = "https://files.pythonhosted.org/packages/ed/f6/6895abc3a3d056b9698da3199b04c0e56226d530ae44a470edabf8b664f0/rapidfuzz-3.13.0.tar.gz", hash = "sha256:d2eaf3839e52cbcc0accbe9817a67b4b0fcf70aaeb229cfddc1c28061f9ce5d8", size = 57904226, upload-time = "2025-04-03T20:38:51.226Z" }
wheels = [
    { url = "https://files.pythonhosted.org/packages/0a/76/606e71e4227790750f1646f3c5c873e18d6cfeb6f9a77b2b8c4dec8f0f66/rapidfuzz-3.13.0-cp313-cp313-macosx_10_13_x86_64.whl", hash = "sha256:09e908064d3684c541d312bd4c7b05acb99a2c764f6231bd507d4b4b65226c23", size = 1982282, upload-time = "2025-04-03T20:36:46.149Z" },
    { url = "https://files.pythonhosted.org/packages/0a/f5/d0b48c6b902607a59fd5932a54e3518dae8223814db8349b0176e6e9444b/rapidfuzz-3.13.0-cp313-cp313-macosx_11_0_arm64.whl", hash = "sha256:57c390336cb50d5d3bfb0cfe1467478a15733703af61f6dffb14b1cd312a6fae", size = 1439274, upload-time = "2025-04-03T20:36:48.323Z" },
    { url = "https://files.pythonhosted.org/packages/59/cf/c3ac8c80d8ced6c1f99b5d9674d397ce5d0e9d0939d788d67c010e19c65f/rapidfuzz-3.13.0-cp313-cp313-manylinux_2_17_aarch64.manylinux2014_aarch64.whl", hash = "sha256:0da54aa8547b3c2c188db3d1c7eb4d1bb6dd80baa8cdaeaec3d1da3346ec9caa", size = 1399854, upload-time = "2025-04-03T20:36:50.294Z" },
    { url = "https://files.pythonhosted.org/packages/09/5d/ca8698e452b349c8313faf07bfa84e7d1c2d2edf7ccc67bcfc49bee1259a/rapidfuzz-3.13.0-cp313-cp313-manylinux_2_17_i686.manylinux2014_i686.whl", hash = "sha256:df8e8c21e67afb9d7fbe18f42c6111fe155e801ab103c81109a61312927cc611", size = 5308962, upload-time = "2025-04-03T20:36:52.421Z" },
    { url = "https://files.pythonhosted.org/packages/66/0a/bebada332854e78e68f3d6c05226b23faca79d71362509dbcf7b002e33b7/rapidfuzz-3.13.0-cp313-cp313-manylinux_2_17_ppc64le.manylinux2014_ppc64le.whl", hash = "sha256:461fd13250a2adf8e90ca9a0e1e166515cbcaa5e9c3b1f37545cbbeff9e77f6b", size = 1625016, upload-time = "2025-04-03T20:36:54.639Z" },
    { url = "https://files.pythonhosted.org/packages/de/0c/9e58d4887b86d7121d1c519f7050d1be5eb189d8a8075f5417df6492b4f5/rapidfuzz-3.13.0-cp313-cp313-manylinux_2_17_s390x.manylinux2014_s390x.whl", hash = "sha256:c2b3dd5d206a12deca16870acc0d6e5036abeb70e3cad6549c294eff15591527", size = 1600414, upload-time = "2025-04-03T20:36:56.669Z" },
    { url = "https://files.pythonhosted.org/packages/9b/df/6096bc669c1311568840bdcbb5a893edc972d1c8d2b4b4325c21d54da5b1/rapidfuzz-3.13.0-cp313-cp313-manylinux_2_17_x86_64.manylinux2014_x86_64.whl", hash = "sha256:1343d745fbf4688e412d8f398c6e6d6f269db99a54456873f232ba2e7aeb4939", size = 3053179, upload-time = "2025-04-03T20:36:59.366Z" },
    { url = "https://files.pythonhosted.org/packages/f9/46/5179c583b75fce3e65a5cd79a3561bd19abd54518cb7c483a89b284bf2b9/rapidfuzz-3.13.0-cp313-cp313-musllinux_1_2_aarch64.whl", hash = "sha256:b1b065f370d54551dcc785c6f9eeb5bd517ae14c983d2784c064b3aa525896df", size = 2456856, upload-time = "2025-04-03T20:37:01.708Z" },
    { url = "https://files.pythonhosted.org/packages/6b/64/e9804212e3286d027ac35bbb66603c9456c2bce23f823b67d2f5cabc05c1/rapidfuzz-3.13.0-cp313-cp313-musllinux_1_2_i686.whl", hash = "sha256:11b125d8edd67e767b2295eac6eb9afe0b1cdc82ea3d4b9257da4b8e06077798", size = 7567107, upload-time = "2025-04-03T20:37:04.521Z" },
    { url = "https://files.pythonhosted.org/packages/8a/f2/7d69e7bf4daec62769b11757ffc31f69afb3ce248947aadbb109fefd9f65/rapidfuzz-3.13.0-cp313-cp313-musllinux_1_2_ppc64le.whl", hash = "sha256:c33f9c841630b2bb7e69a3fb5c84a854075bb812c47620978bddc591f764da3d", size = 2854192, upload-time = "2025-04-03T20:37:06.905Z" },
    { url = "https://files.pythonhosted.org/packages/05/21/ab4ad7d7d0f653e6fe2e4ccf11d0245092bef94cdff587a21e534e57bda8/rapidfuzz-3.13.0-cp313-cp313-musllinux_1_2_s390x.whl", hash = "sha256:ae4574cb66cf1e85d32bb7e9ec45af5409c5b3970b7ceb8dea90168024127566", size = 3398876, upload-time = "2025-04-03T20:37:09.692Z" },
    { url = "https://files.pythonhosted.org/packages/0f/a8/45bba94c2489cb1ee0130dcb46e1df4fa2c2b25269e21ffd15240a80322b/rapidfuzz-3.13.0-cp313-cp313-musllinux_1_2_x86_64.whl", hash = "sha256:e05752418b24bbd411841b256344c26f57da1148c5509e34ea39c7eb5099ab72", size = 4377077, upload-time = "2025-04-03T20:37:11.929Z" },
    { url = "https://files.pythonhosted.org/packages/0c/f3/5e0c6ae452cbb74e5436d3445467447e8c32f3021f48f93f15934b8cffc2/rapidfuzz-3.13.0-cp313-cp313-win32.whl", hash = "sha256:0e1d08cb884805a543f2de1f6744069495ef527e279e05370dd7c83416af83f8", size = 1822066, upload-time = "2025-04-03T20:37:14.425Z" },
    { url = "https://files.pythonhosted.org/packages/96/e3/a98c25c4f74051df4dcf2f393176b8663bfd93c7afc6692c84e96de147a2/rapidfuzz-3.13.0-cp313-cp313-win_amd64.whl", hash = "sha256:9a7c6232be5f809cd39da30ee5d24e6cadd919831e6020ec6c2391f4c3bc9264", size = 1615100, upload-time = "2025-04-03T20:37:16.611Z" },
    { url = "https://files.pythonhosted.org/packages/60/b1/05cd5e697c00cd46d7791915f571b38c8531f714832eff2c5e34537c49ee/rapidfuzz-3.13.0-cp313-cp313-win_arm64.whl", hash = "sha256:3f32f15bacd1838c929b35c84b43618481e1b3d7a61b5ed2db0291b70ae88b53", size = 858976, upload-time = "2025-04-03T20:37:19.336Z" },
]

[[package]]
name = "tomlkit"
version = "0.13.2"
source = { registry = "https://pypi.org/simple" }
sdist = { url = "https://files.pythonhosted.org/packages/b1/09/a439bec5888f00a54b8b9f05fa94d7f901d6735ef4e55dcec9bc37b5d8fa/tomlkit-0.13.2.tar.gz", hash = "sha256:fff5fe59a87295b278abd31bec92c15d9bc4a06885ab12bcea52c71119392e79", size = 192885, upload-time = "2024-08-14T08:19:41.488Z" }
wheels = [
    { url = "https://files.pythonhosted.org/packages/f9/b6/a447b5e4ec71e13871be01ba81f5dfc9d0af7e473da256ff46bc0e24026f/tomlkit-0.13.2-py3-none-any.whl", hash = "sha256:7a974427f6e119197f670fbbbeae7bef749a6c14e793db934baefc1b5f03efde", size = 37955, upload-time = "2024-08-14T08:19:40.05Z" },
]

[[package]]
name = "virtualenv"
version = "20.31.2"
source = { registry = "https://pypi.org/simple" }
dependencies = [
    { name = "distlib" },
    { name = "filelock" },
    { name = "platformdirs" },
]
sdist = { url = "https://files.pythonhosted.org/packages/56/2c/444f465fb2c65f40c3a104fd0c495184c4f2336d65baf398e3c75d72ea94/virtualenv-20.31.2.tar.gz", hash = "sha256:e10c0a9d02835e592521be48b332b6caee6887f332c111aa79a09b9e79efc2af", size = 6076316, upload-time = "2025-05-08T17:58:23.811Z" }
wheels = [
    { url = "https://files.pythonhosted.org/packages/f3/40/b1c265d4b2b62b58576588510fc4d1fe60a86319c8de99fd8e9fec617d2c/virtualenv-20.31.2-py3-none-any.whl", hash = "sha256:36efd0d9650ee985f0cad72065001e66d49a6f24eb44d98980f630686243cf11", size = 6057982, upload-time = "2025-05-08T17:58:21.15Z" },
]
